
Microsoft Visual Studio Solution File, Format Version 12.00
# Visual Studio Version 16
VisualStudioVersion = 16.0.31321.278
MinimumVisualStudioVersion = 10.0.40219.1
Project("{FAE04EC0-301F-11D3-BF4B-00C04F79EFBC}") = "01_CafeUI", "01_CafeUI\01_CafeUI.csproj", "{51EF031E-C584-4F3A-AE04-346616F72D64}"
EndProject
Project("{2150E333-8FDC-42A3-9474-1A3956D46DE8}") = "01_KCafe", "01_KCafe", "{0E42A3F4-0FE4-49AC-9D83-85F06DA6FD69}"
EndProject
Project("{2150E333-8FDC-42A3-9474-1A3956D46DE8}") = "02_KClaims", "02_KClaims", "{8BC5C384-BA34-469D-AA89-19E66165FED4}"
EndProject
Project("{2150E333-8FDC-42A3-9474-1A3956D46DE8}") = "03_KBadges", "03_KBadges", "{22B9188E-62F5-4CC1-8ECF-A5BDF0EBABD3}"
EndProject
Project("{FAE04EC0-301F-11D3-BF4B-00C04F79EFBC}") = "01_Cafe", "01_Cafe\01_Cafe.csproj", "{61992031-4150-43A9-9B83-EF8697B367C6}"
EndProject
Project("{FAE04EC0-301F-11D3-BF4B-00C04F79EFBC}") = "01_Cafe_Tests", "01_Cafe_Tests\01_Cafe_Tests.csproj", "{147062A0-36D5-42EA-AA05-7F450E6E9BF0}"
EndProject
Project("{FAE04EC0-301F-11D3-BF4B-00C04F79EFBC}") = "02_ClaimsUI", "02_ClaimsUI\02_ClaimsUI.csproj", "{71D24993-6707-42EE-B4CE-499A1E9A8D90}"
EndProject
Project("{FAE04EC0-301F-11D3-BF4B-00C04F79EFBC}") = "02_Claims", "02_Claims\02_Claims.csproj", "{07746B2A-72B3-49E1-8403-1658A0F3137D}"
EndProject
Project("{FAE04EC0-301F-11D3-BF4B-00C04F79EFBC}") = "02_Claims_Tests", "02_Claims_Tests\02_Claims_Tests.csproj", "{A3F383B3-CB66-4CA5-B283-3264A154386E}"
EndProject
Project("{FAE04EC0-301F-11D3-BF4B-00C04F79EFBC}") = "03_Badges", "03_Badges\03_Badges.csproj", "{5737F3CF-856F-41A6-9319-851B2F5853F6}"
EndProject
Project("{FAE04EC0-301F-11D3-BF4B-00C04F79EFBC}") = "03_Badges_Test", "03_Badges_Test\03_Badges_Test.csproj", "{72AFA6BF-2376-409F-B873-083D2C5B29A6}"
EndProject
Project("{FAE04EC0-301F-11D3-BF4B-00C04F79EFBC}") = "03_BadgesUI", "03_BadgesUI\03_BadgesUI.csproj", "{FD865EFF-390E-496B-8856-0A3F3E983044}"
EndProject
Global
	GlobalSection(SolutionConfigurationPlatforms) = preSolution
		Debug|Any CPU = Debug|Any CPU
		Release|Any CPU = Release|Any CPU
	EndGlobalSection
	GlobalSection(ProjectConfigurationPlatforms) = postSolution
		{51EF031E-C584-4F3A-AE04-346616F72D64}.Debug|Any CPU.ActiveCfg = Debug|Any CPU
		{51EF031E-C584-4F3A-AE04-346616F72D64}.Debug|Any CPU.Build.0 = Debug|Any CPU
		{51EF031E-C584-4F3A-AE04-346616F72D64}.Release|Any CPU.ActiveCfg = Release|Any CPU
		{51EF031E-C584-4F3A-AE04-346616F72D64}.Release|Any CPU.Build.0 = Release|Any CPU
		{61992031-4150-43A9-9B83-EF8697B367C6}.Debug|Any CPU.ActiveCfg = Debug|Any CPU
		{61992031-4150-43A9-9B83-EF8697B367C6}.Debug|Any CPU.Build.0 = Debug|Any CPU
		{61992031-4150-43A9-9B83-EF8697B367C6}.Release|Any CPU.ActiveCfg = Release|Any CPU
		{61992031-4150-43A9-9B83-EF8697B367C6}.Release|Any CPU.Build.0 = Release|Any CPU
		{147062A0-36D5-42EA-AA05-7F450E6E9BF0}.Debug|Any CPU.ActiveCfg = Debug|Any CPU
		{147062A0-36D5-42EA-AA05-7F450E6E9BF0}.Debug|Any CPU.Build.0 = Debug|Any CPU
		{147062A0-36D5-42EA-AA05-7F450E6E9BF0}.Release|Any CPU.ActiveCfg = Release|Any CPU
		{147062A0-36D5-42EA-AA05-7F450E6E9BF0}.Release|Any CPU.Build.0 = Release|Any CPU
		{71D24993-6707-42EE-B4CE-499A1E9A8D90}.Debug|Any CPU.ActiveCfg = Debug|Any CPU
		{71D24993-6707-42EE-B4CE-499A1E9A8D90}.Debug|Any CPU.Build.0 = Debug|Any CPU
		{71D24993-6707-42EE-B4CE-499A1E9A8D90}.Release|Any CPU.ActiveCfg = Release|Any CPU
		{71D24993-6707-42EE-B4CE-499A1E9A8D90}.Release|Any CPU.Build.0 = Release|Any CPU
		{07746B2A-72B3-49E1-8403-1658A0F3137D}.Debug|Any CPU.ActiveCfg = Debug|Any CPU
		{07746B2A-72B3-49E1-8403-1658A0F3137D}.Debug|Any CPU.Build.0 = Debug|Any CPU
		{07746B2A-72B3-49E1-8403-1658A0F3137D}.Release|Any CPU.ActiveCfg = Release|Any CPU
		{07746B2A-72B3-49E1-8403-1658A0F3137D}.Release|Any CPU.Build.0 = Release|Any CPU
		{A3F383B3-CB66-4CA5-B283-3264A154386E}.Debug|Any CPU.ActiveCfg = Debug|Any CPU
		{A3F383B3-CB66-4CA5-B283-3264A154386E}.Debug|Any CPU.Build.0 = Debug|Any CPU
		{A3F383B3-CB66-4CA5-B283-3264A154386E}.Release|Any CPU.ActiveCfg = Release|Any CPU
		{A3F383B3-CB66-4CA5-B283-3264A154386E}.Release|Any CPU.Build.0 = Release|Any CPU
		{5737F3CF-856F-41A6-9319-851B2F5853F6}.Debug|Any CPU.ActiveCfg = Debug|Any CPU
		{5737F3CF-856F-41A6-9319-851B2F5853F6}.Debug|Any CPU.Build.0 = Debug|Any CPU
		{5737F3CF-856F-41A6-9319-851B2F5853F6}.Release|Any CPU.ActiveCfg = Release|Any CPU
		{5737F3CF-856F-41A6-9319-851B2F5853F6}.Release|Any CPU.Build.0 = Release|Any CPU
		{72AFA6BF-2376-409F-B873-083D2C5B29A6}.Debug|Any CPU.ActiveCfg = Debug|Any CPU
		{72AFA6BF-2376-409F-B873-083D2C5B29A6}.Debug|Any CPU.Build.0 = Debug|Any CPU
		{72AFA6BF-2376-409F-B873-083D2C5B29A6}.Release|Any CPU.ActiveCfg = Release|Any CPU
		{72AFA6BF-2376-409F-B873-083D2C5B29A6}.Release|Any CPU.Build.0 = Release|Any CPU
		{FD865EFF-390E-496B-8856-0A3F3E983044}.Debug|Any CPU.ActiveCfg = Debug|Any CPU
		{FD865EFF-390E-496B-8856-0A3F3E983044}.Debug|Any CPU.Build.0 = Debug|Any CPU
		{FD865EFF-390E-496B-8856-0A3F3E983044}.Release|Any CPU.ActiveCfg = Release|Any CPU
		{FD865EFF-390E-496B-8856-0A3F3E983044}.Release|Any CPU.Build.0 = Release|Any CPU
	EndGlobalSection
	GlobalSection(SolutionProperties) = preSolution
		HideSolutionNode = FALSE
	EndGlobalSection
	GlobalSection(NestedProjects) = preSolution
		{51EF031E-C584-4F3A-AE04-346616F72D64} = {0E42A3F4-0FE4-49AC-9D83-85F06DA6FD69}
		{61992031-4150-43A9-9B83-EF8697B367C6} = {0E42A3F4-0FE4-49AC-9D83-85F06DA6FD69}
		{147062A0-36D5-42EA-AA05-7F450E6E9BF0} = {0E42A3F4-0FE4-49AC-9D83-85F06DA6FD69}
		{71D24993-6707-42EE-B4CE-499A1E9A8D90} = {8BC5C384-BA34-469D-AA89-19E66165FED4}
		{07746B2A-72B3-49E1-8403-1658A0F3137D} = {8BC5C384-BA34-469D-AA89-19E66165FED4}
		{A3F383B3-CB66-4CA5-B283-3264A154386E} = {8BC5C384-BA34-469D-AA89-19E66165FED4}
		{5737F3CF-856F-41A6-9319-851B2F5853F6} = {22B9188E-62F5-4CC1-8ECF-A5BDF0EBABD3}
		{72AFA6BF-2376-409F-B873-083D2C5B29A6} = {22B9188E-62F5-4CC1-8ECF-A5BDF0EBABD3}
		{FD865EFF-390E-496B-8856-0A3F3E983044} = {22B9188E-62F5-4CC1-8ECF-A5BDF0EBABD3}
	EndGlobalSection
	GlobalSection(ExtensibilityGlobals) = postSolution
		SolutionGuid = {1CAE97BC-AAB3-4367-A3E6-2CD37DD14B88}
	EndGlobalSection
EndGlobal
